{
    "_meta": {
        "hash": {
            "sha256": "8481f27e6ee22803062ea5800495cac1449fce841c38ee14c040f4f95203086f"
        },
        "pipfile-spec": 6,
        "requires": {
            "python_version": "3.11"
        },
        "sources": [
            {
                "name": "pypi",
                "url": "https://pypi.org/simple",
                "verify_ssl": true
            }
        ]
    },
    "default": {
        "pydicom": {
            "hashes": [
                "sha256:7b8be344b5b62493c9452ba6f5a299f78f8a6ab79786c729b0613698209603ec",
                "sha256:db32f78b2641bd7972096b8289111ddab01fb221610de8d7afa835eb938adb41"
            ],
            "index": "pypi",
            "version": "==3.0.1"
        }
    },
    "develop": {}
}
